PODS:
  - FlutterMacOS (1.0.0)
  - secure_enclave (0.0.1):
    - FlutterMacOS

DEPENDENCIES:
  - FlutterMacOS (from `Flutter/ephemeral`)
  - secure_enclave (from `Flutter/ephemeral/.symlinks/plugins/secure_enclave/macos`)

EXTERNAL SOURCES:
  FlutterMacOS:
    :path: Flutter/ephemeral
  secure_enclave:
    :path: Flutter/ephemeral/.symlinks/plugins/secure_enclave/macos

SPEC CHECKSUMS:
  FlutterMacOS: 57701585bf7de1b3fc2bb61f6378d73bbdea8424
  secure_enclave: 4fffc8527237b47e65a7d6fad1da423ca8b7176b

PODFILE CHECKSUM: 6eac6b3292e5142cfc23bdeb71848a40ec51c14c

COCOAPODS: 1.11.3
